
Microsoft Visual Studio Solution File, Format Version 12.00
# Visual Studio Version 16
VisualStudioVersion = 16.0.30907.101
MinimumVisualStudioVersion = 10.0.40219.1
Project("{FAE04EC0-301F-11D3-BF4B-00C04F79EFBC}") = "StonkExchange", "StonkExchange\StonkExchange.csproj", "{57993E71-135E-4297-8CAF-80197E7AB7AA}"
EndProject
Global
	GlobalSection(SolutionConfigurationPlatforms) = preSolution
		Debug|Any CPU = Debug|Any CPU
		Release|Any CPU = Release|Any CPU
	EndGlobalSection
	GlobalSection(ProjectConfigurationPlatforms) = postSolution
		{57993E71-135E-4297-8CAF-80197E7AB7AA}.Debug|Any CPU.ActiveCfg = Debug|Any CPU
		{57993E71-135E-4297-8CAF-80197E7AB7AA}.Debug|Any CPU.Build.0 = Debug|Any CPU
		{57993E71-135E-4297-8CAF-80197E7AB7AA}.Release|Any CPU.ActiveCfg = Release|Any CPU
		{57993E71-135E-4297-8CAF-80197E7AB7AA}.Release|Any CPU.Build.0 = Release|Any CPU
	EndGlobalSection
	GlobalSection(SolutionProperties) = preSolution
		HideSolutionNode = FALSE
	EndGlobalSection
	GlobalSection(ExtensibilityGlobals) = postSolution
		SolutionGuid = {22ACF140-0A4F-4F3C-A2C0-F1C974AE2642}
	EndGlobalSection
EndGlobal
